{
  "name": "ir-server",
  "version": "1.0.0",
  "lockfileVersion": 2,
  "requires": true,
  "packages": {
    "": {
      "name": "ir-server",
      "version": "1.0.0",
      "license": "ISC",
      "dependencies": {
        "axios": "^0.26.1",
        "fast-xml-parser": "^4.0.7",
        "input-event": "^1.2.6",
        "keypress": "^0.2.1",
        "lgtv-ip-control": "^2.0.2"
      }
    },
    "node_modules/axios": {
      "version": "0.26.1",
      "resolved": "https://registry.npmjs.org/axios/-/axios-0.26.1.tgz",
      "integrity": "sha512-fPwcX4EvnSHuInCMItEhAGnaSEXRBjtzh9fOtsE6E1G6p7vl7edEeZe11QHf18+6+9gR5PbKV/sGKNaD8YaMeA==",
      "dependencies": {
        "follow-redirects": "^1.14.8"
      }
    },
    "node_modules/fast-xml-parser": {
      "version": "4.0.7",
      "resolved": "https://registry.npmjs.org/fast-xml-parser/-/fast-xml-parser-4.0.7.tgz",
      "integrity": "sha512-dMtibyus3kC7nbxj1CpVtysLzO13UOAZEFAb5vpQg3T4O6qvetmSePpXKFx5KPNCHKoGwjtgjfF5DOyn7s1ylQ==",
      "dependencies": {
        "strnum": "^1.0.5"
      },
      "bin": {
        "fxparser": "src/cli/cli.js"
      },
      "funding": {
        "type": "paypal",
        "url": "https://paypal.me/naturalintelligence"
      }
    },
    "node_modules/follow-redirects": {
      "version": "1.14.9",
      "resolved": "https://registry.npmjs.org/follow-redirects/-/follow-redirects-1.14.9.tgz",
      "integrity": "sha512-MQDfihBQYMcyy5dhRDJUHcw7lb2Pv/TuE6xP1vyraLukNDHKbDxDNaOE3NbCAdKQApno+GPRyo1YAp89yCjK4w==",
      "funding": [
        {
          "type": "individual",
          "url": "https://github.com/sponsors/RubenVerborgh"
        }
      ],
      "engines": {
        "node": ">=4.0"
      },
      "peerDependenciesMeta": {
        "debug": {
          "optional": true
        }
      }
    },
    "node_modules/input-event": {
      "version": "1.2.6",
      "resolved": "https://registry.npmjs.org/input-event/-/input-event-1.2.6.tgz",
      "integrity": "sha512-1aSLTWXfj/zCf65Tr2J0f4JpfcprpjW/UOLf4lQ5G5fsOZwBAGWTJNXcsEJV/0s/w1vgsslvH3bnihI4ZtmC9Q=="
    },
    "node_modules/keypress": {
      "version": "0.2.1",
      "resolved": "https://registry.npmjs.org/keypress/-/keypress-0.2.1.tgz",
      "integrity": "sha512-HjorDJFNhnM4SicvaUXac0X77NiskggxJdesG72+O5zBKpSqKFCrqmndKVqpu3pFqkla0St6uGk8Ju0sCurrmg=="
    },
    "node_modules/lgtv-ip-control": {
      "version": "2.0.2",
      "resolved": "https://registry.npmjs.org/lgtv-ip-control/-/lgtv-ip-control-2.0.2.tgz",
      "integrity": "sha512-RAoMsGW3vN+Zdd62oIlB/dUE+yxD88YoHP++kllxtvnje3rRmfxg9A3kdtQXU5ikUlD+CgXkt0SkEWjTKJkW0A=="
    },
    "node_modules/strnum": {
      "version": "1.0.5",
      "resolved": "https://registry.npmjs.org/strnum/-/strnum-1.0.5.tgz",
      "integrity": "sha512-J8bbNyKKXl5qYcR36TIO8W3mVGVHrmmxsd5PAItGkmyzwJvybiw2IVq5nqd0i4LSNSkB/sx9VHllbfFdr9k1JA=="
    }
  },
  "dependencies": {
    "axios": {
      "version": "0.26.1",
      "resolved": "https://registry.npmjs.org/axios/-/axios-0.26.1.tgz",
      "integrity": "sha512-fPwcX4EvnSHuInCMItEhAGnaSEXRBjtzh9fOtsE6E1G6p7vl7edEeZe11QHf18+6+9gR5PbKV/sGKNaD8YaMeA==",
      "requires": {
        "follow-redirects": "^1.14.8"
      }
    },
    "fast-xml-parser": {
      "version": "4.0.7",
      "resolved": "https://registry.npmjs.org/fast-xml-parser/-/fast-xml-parser-4.0.7.tgz",
      "integrity": "sha512-dMtibyus3kC7nbxj1CpVtysLzO13UOAZEFAb5vpQg3T4O6qvetmSePpXKFx5KPNCHKoGwjtgjfF5DOyn7s1ylQ==",
      "requires": {
        "strnum": "^1.0.5"
      }
    },
    "follow-redirects": {
      "version": "1.14.9",
      "resolved": "https://registry.npmjs.org/follow-redirects/-/follow-redirects-1.14.9.tgz",
      "integrity": "sha512-MQDfihBQYMcyy5dhRDJUHcw7lb2Pv/TuE6xP1vyraLukNDHKbDxDNaOE3NbCAdKQApno+GPRyo1YAp89yCjK4w=="
    },
    "input-event": {
      "version": "1.2.6",
      "resolved": "https://registry.npmjs.org/input-event/-/input-event-1.2.6.tgz",
      "integrity": "sha512-1aSLTWXfj/zCf65Tr2J0f4JpfcprpjW/UOLf4lQ5G5fsOZwBAGWTJNXcsEJV/0s/w1vgsslvH3bnihI4ZtmC9Q=="
    },
    "keypress": {
      "version": "0.2.1",
      "resolved": "https://registry.npmjs.org/keypress/-/keypress-0.2.1.tgz",
      "integrity": "sha512-HjorDJFNhnM4SicvaUXac0X77NiskggxJdesG72+O5zBKpSqKFCrqmndKVqpu3pFqkla0St6uGk8Ju0sCurrmg=="
    },
    "lgtv-ip-control": {
      "version": "2.0.2",
      "resolved": "https://registry.npmjs.org/lgtv-ip-control/-/lgtv-ip-control-2.0.2.tgz",
      "integrity": "sha512-RAoMsGW3vN+Zdd62oIlB/dUE+yxD88YoHP++kllxtvnje3rRmfxg9A3kdtQXU5ikUlD+CgXkt0SkEWjTKJkW0A=="
    },
    "strnum": {
      "version": "1.0.5",
      "resolved": "https://registry.npmjs.org/strnum/-/strnum-1.0.5.tgz",
      "integrity": "sha512-J8bbNyKKXl5qYcR36TIO8W3mVGVHrmmxsd5PAItGkmyzwJvybiw2IVq5nqd0i4LSNSkB/sx9VHllbfFdr9k1JA=="
    }
  }
}
